
Microsoft Visual Studio Solution File, Format Version 12.00
# Visual Studio 15
Project("{FAE04EC0-301F-11D3-BF4B-00C04F79EFBC}") = "NetworkScanner", "Player.Console\NetworkScanner.csproj", "{C3352CE4-E25D-43CA-AECE-C412C5F6E005}"
EndProject
Project("{FAE04EC0-301F-11D3-BF4B-00C04F79EFBC}") = "SystemBus", "SystemBus\SystemBus.csproj", "{9B68C87A-CAF0-43F0-B3C7-42051D553EB9}"
EndProject
Global
	GlobalSection(SolutionConfigurationPlatforms) = preSolution
		Debug|iPhoneSimulator = Debug|iPhoneSimulator
		Release|iPhone = Release|iPhone
		Release|iPhoneSimulator = Release|iPhoneSimulator
		Debug|iPhone = Debug|iPhone
		Debug|Any CPU = Debug|Any CPU
		Release|Any CPU = Release|Any CPU
	EndGlobalSection
	GlobalSection(ProjectConfigurationPlatforms) = postSolution
		{C3352CE4-E25D-43CA-AECE-C412C5F6E005}.Debug|iPhoneSimulator.ActiveCfg = Debug|Any CPU
		{C3352CE4-E25D-43CA-AECE-C412C5F6E005}.Debug|iPhoneSimulator.Build.0 = Debug|Any CPU
		{C3352CE4-E25D-43CA-AECE-C412C5F6E005}.Release|iPhone.ActiveCfg = Release|Any CPU
		{C3352CE4-E25D-43CA-AECE-C412C5F6E005}.Release|iPhone.Build.0 = Release|Any CPU
		{C3352CE4-E25D-43CA-AECE-C412C5F6E005}.Release|iPhoneSimulator.ActiveCfg = Release|Any CPU
		{C3352CE4-E25D-43CA-AECE-C412C5F6E005}.Release|iPhoneSimulator.Build.0 = Release|Any CPU
		{C3352CE4-E25D-43CA-AECE-C412C5F6E005}.Debug|iPhone.ActiveCfg = Debug|Any CPU
		{C3352CE4-E25D-43CA-AECE-C412C5F6E005}.Debug|iPhone.Build.0 = Debug|Any CPU
		{C3352CE4-E25D-43CA-AECE-C412C5F6E005}.Debug|Any CPU.ActiveCfg = Debug|Any CPU
		{C3352CE4-E25D-43CA-AECE-C412C5F6E005}.Debug|Any CPU.Build.0 = Debug|Any CPU
		{C3352CE4-E25D-43CA-AECE-C412C5F6E005}.Release|Any CPU.ActiveCfg = Release|Any CPU
		{C3352CE4-E25D-43CA-AECE-C412C5F6E005}.Release|Any CPU.Build.0 = Release|Any CPU
		{9B68C87A-CAF0-43F0-B3C7-42051D553EB9}.Debug|iPhoneSimulator.ActiveCfg = Debug|Any CPU
		{9B68C87A-CAF0-43F0-B3C7-42051D553EB9}.Debug|iPhoneSimulator.Build.0 = Debug|Any CPU
		{9B68C87A-CAF0-43F0-B3C7-42051D553EB9}.Release|iPhone.ActiveCfg = Release|Any CPU
		{9B68C87A-CAF0-43F0-B3C7-42051D553EB9}.Release|iPhone.Build.0 = Release|Any CPU
		{9B68C87A-CAF0-43F0-B3C7-42051D553EB9}.Release|iPhoneSimulator.ActiveCfg = Release|Any CPU
		{9B68C87A-CAF0-43F0-B3C7-42051D553EB9}.Release|iPhoneSimulator.Build.0 = Release|Any CPU
		{9B68C87A-CAF0-43F0-B3C7-42051D553EB9}.Debug|iPhone.ActiveCfg = Debug|Any CPU
		{9B68C87A-CAF0-43F0-B3C7-42051D553EB9}.Debug|iPhone.Build.0 = Debug|Any CPU
		{9B68C87A-CAF0-43F0-B3C7-42051D553EB9}.Debug|Any CPU.ActiveCfg = Debug|Any CPU
		{9B68C87A-CAF0-43F0-B3C7-42051D553EB9}.Debug|Any CPU.Build.0 = Debug|Any CPU
		{9B68C87A-CAF0-43F0-B3C7-42051D553EB9}.Release|Any CPU.ActiveCfg = Release|Any CPU
		{9B68C87A-CAF0-43F0-B3C7-42051D553EB9}.Release|Any CPU.Build.0 = Release|Any CPU
	EndGlobalSection
EndGlobal
